
Microsoft Visual Studio Solution File, Format Version 12.00
# Visual Studio Version 17
VisualStudioVersion = 17.14.36310.24 d17.14
MinimumVisualStudioVersion = 10.0.40219.1
Project("{FAE04EC0-301F-11D3-BF4B-00C04F79EFBC}") = "pedidosApp", "pedidosApp.csproj", "{3D9590A3-66D3-43A6-A2EF-13B0DE2197EE}"
EndProject
Global
	GlobalSection(SolutionConfigurationPlatforms) = preSolution
		Debug|Any CPU = Debug|Any CPU
		Release|Any CPU = Release|Any CPU
	EndGlobalSection
	GlobalSection(ProjectConfigurationPlatforms) = postSolution
		{3D9590A3-66D3-43A6-A2EF-13B0DE2197EE}.Debug|Any CPU.ActiveCfg = Debug|Any CPU
		{3D9590A3-66D3-43A6-A2EF-13B0DE2197EE}.Debug|Any CPU.Build.0 = Debug|Any CPU
		{3D9590A3-66D3-43A6-A2EF-13B0DE2197EE}.Release|Any CPU.ActiveCfg = Release|Any CPU
		{3D9590A3-66D3-43A6-A2EF-13B0DE2197EE}.Release|Any CPU.Build.0 = Release|Any CPU
	EndGlobalSection
	GlobalSection(SolutionProperties) = preSolution
		HideSolutionNode = FALSE
	EndGlobalSection
	GlobalSection(ExtensibilityGlobals) = postSolution
		SolutionGuid = {E17F45A2-AE0B-4489-9F6A-5A573FD8A5DA}
	EndGlobalSection
EndGlobal
